// !$*UTF8*$!
{
	archiveVersion = 1;
	classes = {
	};
	objectVersion = 50;
	objects = {

/* Begin PBXBuildFile section */
		7849A053250D636000025EFD /* CardModel.swift in Sources */ = {isa = PBXBuildFile; fileRef = 7849A052250D636000025EFD /* CardModel.swift */; };
		784CC19C250D5DED00A243DA /* AppDelegate.swift in Sources */ = {isa = PBXBuildFile; fileRef = 784CC19B250D5DED00A243DA /* AppDelegate.swift */; };
		784CC19E250D5DED00A243DA /* SceneDelegate.swift in Sources */ = {isa = PBXBuildFile; fileRef = 784CC19D250D5DED00A243DA /* SceneDelegate.swift */; };
		784CC1A3250D5DED00A243DA /* Main.storyboard in Resources */ = {isa = PBXBuildFile; fileRef = 784CC1A1250D5DED00A243DA /* Main.storyboard */; };
		784CC1A6250D5DED00A243DA /* Subscribe.xcdatamodeld in Sources */ = {isa = PBXBuildFile; fileRef = 784CC1A4250D5DED00A243DA /* Subscribe.xcdatamodeld */; };
		784CC1A8250D5DF000A243DA /* Assets.xcassets in Resources */ = {isa = PBXBuildFile; fileRef = 784CC1A7250D5DF000A243DA /* Assets.xcassets */; };
		784CC1AB250D5DF000A243DA /* LaunchScreen.storyboard in Resources */ = {isa = PBXBuildFile; fileRef = 784CC1A9250D5DF000A243DA /* LaunchScreen.storyboard */; };
		784CC1B6250D5DF000A243DA /* SubscribeTests.swift in Sources */ = {isa = PBXBuildFile; fileRef = 784CC1B5250D5DF000A243DA /* SubscribeTests.swift */; };
		784CC1C1250D5DF000A243DA /* SubscribeUITests.swift in Sources */ = {isa = PBXBuildFile; fileRef = 784CC1C0250D5DF000A243DA /* SubscribeUITests.swift */; };
		78B2E72D251BDFA3009CC564 /* Proxima Nova Alt Light.otf in Resources */ = {isa = PBXBuildFile; fileRef = 78B2E729251BDFA2009CC564 /* Proxima Nova Alt Light.otf */; };
		78B2E72E251BDFA3009CC564 /* Proxima Nova Thin.otf in Resources */ = {isa = PBXBuildFile; fileRef = 78B2E72A251BDFA2009CC564 /* Proxima Nova Thin.otf */; };
		78B2E72F251BDFA3009CC564 /* ProximaNova-Regular.otf in Resources */ = {isa = PBXBuildFile; fileRef = 78B2E72B251BDFA3009CC564 /* ProximaNova-Regular.otf */; };
		78B2E730251BDFA3009CC564 /* Proxima Nova Alt Thin.otf in Resources */ = {isa = PBXBuildFile; fileRef = 78B2E72C251BDFA3009CC564 /* Proxima Nova Alt Thin.otf */; };
		78D82D2B250FCDC4004DE501 /* CardView.swift in Sources */ = {isa = PBXBuildFile; fileRef = 78D82D2A250FCDC4004DE501 /* CardView.swift */; };
		78D82D2E251127FD004DE501 /* Raleway-Regular.ttf in Resources */ = {isa = PBXBuildFile; fileRef = 78D82D2D251127FD004DE501 /* Raleway-Regular.ttf */; };
		78D82D302511280A004DE501 /* andale-mono.ttf in Resources */ = {isa = PBXBuildFile; fileRef = 78D82D2F2511280A004DE501 /* andale-mono.ttf */; };
		78D82D3625113A0D004DE501 /* CardViewController.swift in Sources */ = {isa = PBXBuildFile; fileRef = 78D82D3525113A0D004DE501 /* CardViewController.swift */; };
		78D82D3A25113BBC004DE501 /* CardTableViewCell.swift in Sources */ = {isa = PBXBuildFile; fileRef = 78D82D3925113BBC004DE501 /* CardTableViewCell.swift */; };
		78D82D3C2512ABE9004DE501 /* SubscriptionsViewController.swift in Sources */ = {isa = PBXBuildFile; fileRef = 78D82D3B2512ABE9004DE501 /* SubscriptionsViewController.swift */; };
		78D82D3E2512AD6C004DE501 /* AddSubscriptionViewController.swift in Sources */ = {isa = PBXBuildFile; fileRef = 78D82D3D2512AD6C004DE501 /* AddSubscriptionViewController.swift */; };
		78D82D402512B964004DE501 /* SubscriptionModel.swift in Sources */ = {isa = PBXBuildFile; fileRef = 78D82D3F2512B964004DE501 /* SubscriptionModel.swift */; };
		78D82D422512C28E004DE501 /* SubscriptionTableViewCell.swift in Sources */ = {isa = PBXBuildFile; fileRef = 78D82D412512C28E004DE501 /* SubscriptionTableViewCell.swift */; };
		78D82D44251374BC004DE501 /* Raleway-SemiBold.ttf in Resources */ = {isa = PBXBuildFile; fileRef = 78D82D43251374BC004DE501 /* Raleway-SemiBold.ttf */; };
		78D82D462513EDB4004DE501 /* TranscribeViewController.swift in Sources */ = {isa = PBXBuildFile; fileRef = 78D82D452513EDB4004DE501 /* TranscribeViewController.swift */; };
		78D82D482513FA72004DE501 /* NewCardViewController.swift in Sources */ = {isa = PBXBuildFile; fileRef = 78D82D472513FA72004DE501 /* NewCardViewController.swift */; };
/* End PBXBuildFile section */

/* Begin PBXContainerItemProxy section */
		784CC1B2250D5DF000A243DA /* PBXContainerItemProxy */ = {
			isa = PBXContainerItemProxy;
			containerPortal = 784CC190250D5DED00A243DA /* Project object */;
			proxyType = 1;
			remoteGlobalIDString = 784CC197250D5DED00A243DA;
			remoteInfo = Subscribe;
		};
		784CC1BD250D5DF000A243DA /* PBXContainerItemProxy */ = {
			isa = PBXContainerItemProxy;
			containerPortal = 784CC190250D5DED00A243DA /* Project object */;
			proxyType = 1;
			remoteGlobalIDString = 784CC197250D5DED00A243DA;
			remoteInfo = Subscribe;
		};
/* End PBXContainerItemProxy section */

/* Begin PBXFileReference section */
		7849A052250D636000025EFD /* CardModel.swift */ = {isa = PBXFileReference; lastKnownFileType = sourcecode.swift; path = CardModel.swift; sourceTree = "<group>"; };
		784CC198250D5DED00A243DA /* Subscribe.app */ = {isa = PBXFileReference; explicitFileType = wrapper.application; includeInIndex = 0; path = Subscribe.app; sourceTree = BUILT_PRODUCTS_DIR; };
		784CC19B250D5DED00A243DA /* AppDelegate.swift */ = {isa = PBXFileReference; lastKnownFileType = sourcecode.swift; path = AppDelegate.swift; sourceTree = "<group>"; };
		784CC19D250D5DED00A243DA /* SceneDelegate.swift */ = {isa = PBXFileReference; lastKnownFileType = sourcecode.swift; path = SceneDelegate.swift; sourceTree = "<group>"; };
		784CC1A2250D5DED00A243DA /* Base */ = {isa = PBXFileReference; lastKnownFileType = file.storyboard; name = Base; path = Base.lproj/Main.storyboard; sourceTree = "<group>"; };
		784CC1A5250D5DED00A243DA /* Subscribe.xcdatamodel */ = {isa = PBXFileReference; lastKnownFileType = wrapper.xcdatamodel; path = Subscribe.xcdatamodel; sourceTree = "<group>"; };
		784CC1A7250D5DF000A243DA /* Assets.xcassets */ = {isa = PBXFileReference; lastKnownFileType = folder.assetcatalog; path = Assets.xcassets; sourceTree = "<group>"; };
		784CC1AA250D5DF000A243DA /* Base */ = {isa = PBXFileReference; lastKnownFileType = file.storyboard; name = Base; path = Base.lproj/LaunchScreen.storyboard; sourceTree = "<group>"; };
		784CC1AC250D5DF000A243DA /* Info.plist */ = {isa = PBXFileReference; lastKnownFileType = text.plist.xml; path = Info.plist; sourceTree = "<group>"; };
		784CC1B1250D5DF000A243DA /* SubscribeTests.xctest */ = {isa = PBXFileReference; explicitFileType = wrapper.cfbundle; includeInIndex = 0; path = SubscribeTests.xctest; sourceTree = BUILT_PRODUCTS_DIR; };
		784CC1B5250D5DF000A243DA /* SubscribeTests.swift */ = {isa = PBXFileReference; lastKnownFileType = sourcecode.swift; path = SubscribeTests.swift; sourceTree = "<group>"; };
		784CC1B7250D5DF000A243DA /* Info.plist */ = {isa = PBXFileReference; lastKnownFileType = text.plist.xml; path = Info.plist; sourceTree = "<group>"; };
		784CC1BC250D5DF000A243DA /* SubscribeUITests.xctest */ = {isa = PBXFileReference; explicitFileType = wrapper.cfbundle; includeInIndex = 0; path = SubscribeUITests.xctest; sourceTree = BUILT_PRODUCTS_DIR; };
		784CC1C0250D5DF000A243DA /* SubscribeUITests.swift */ = {isa = PBXFileReference; lastKnownFileType = sourcecode.swift; path = SubscribeUITests.swift; sourceTree = "<group>"; };
		784CC1C2250D5DF000A243DA /* Info.plist */ = {isa = PBXFileReference; lastKnownFileType = text.plist.xml; path = Info.plist; sourceTree = "<group>"; };
		78B2E729251BDFA2009CC564 /* Proxima Nova Alt Light.otf */ = {isa = PBXFileReference; lastKnownFileType = file; path = "Proxima Nova Alt Light.otf"; sourceTree = "<group>"; };
		78B2E72A251BDFA2009CC564 /* Proxima Nova Thin.otf */ = {isa = PBXFileReference; lastKnownFileType = file; path = "Proxima Nova Thin.otf"; sourceTree = "<group>"; };
		78B2E72B251BDFA3009CC564 /* ProximaNova-Regular.otf */ = {isa = PBXFileReference; lastKnownFileType = file; path = "ProximaNova-Regular.otf"; sourceTree = "<group>"; };
		78B2E72C251BDFA3009CC564 /* Proxima Nova Alt Thin.otf */ = {isa = PBXFileReference; lastKnownFileType = file; path = "Proxima Nova Alt Thin.otf"; sourceTree = "<group>"; };
		78D82D2A250FCDC4004DE501 /* CardView.swift */ = {isa = PBXFileReference; lastKnownFileType = sourcecode.swift; path = CardView.swift; sourceTree = "<group>"; };
		78D82D2D251127FD004DE501 /* Raleway-Regular.ttf */ = {isa = PBXFileReference; lastKnownFileType = file; path = "Raleway-Regular.ttf"; sourceTree = "<group>"; };
		78D82D2F2511280A004DE501 /* andale-mono.ttf */ = {isa = PBXFileReference; lastKnownFileType = file; path = "andale-mono.ttf"; sourceTree = "<group>"; };
		78D82D3525113A0D004DE501 /* CardViewController.swift */ = {isa = PBXFileReference; lastKnownFileType = sourcecode.swift; name = CardViewController.swift; path = Subscribe/Controller/CardViewController.swift; sourceTree = SOURCE_ROOT; };
		78D82D3925113BBC004DE501 /* CardTableViewCell.swift */ = {isa = PBXFileReference; lastKnownFileType = sourcecode.swift; path = CardTableViewCell.swift; sourceTree = "<group>"; };
		78D82D3B2512ABE9004DE501 /* SubscriptionsViewController.swift */ = {isa = PBXFileReference; lastKnownFileType = sourcecode.swift; path = SubscriptionsViewController.swift; sourceTree = "<group>"; };
		78D82D3D2512AD6C004DE501 /* AddSubscriptionViewController.swift */ = {isa = PBXFileReference; lastKnownFileType = sourcecode.swift; path = AddSubscriptionViewController.swift; sourceTree = "<group>"; };
		78D82D3F2512B964004DE501 /* SubscriptionModel.swift */ = {isa = PBXFileReference; lastKnownFileType = sourcecode.swift; path = SubscriptionModel.swift; sourceTree = "<group>"; };
		78D82D412512C28E004DE501 /* SubscriptionTableViewCell.swift */ = {isa = PBXFileReference; lastKnownFileType = sourcecode.swift; path = SubscriptionTableViewCell.swift; sourceTree = "<group>"; };
		78D82D43251374BC004DE501 /* Raleway-SemiBold.ttf */ = {isa = PBXFileReference; lastKnownFileType = file; path = "Raleway-SemiBold.ttf"; sourceTree = "<group>"; };
		78D82D452513EDB4004DE501 /* TranscribeViewController.swift */ = {isa = PBXFileReference; lastKnownFileType = sourcecode.swift; path = TranscribeViewController.swift; sourceTree = "<group>"; };
		78D82D472513FA72004DE501 /* NewCardViewController.swift */ = {isa = PBXFileReference; lastKnownFileType = sourcecode.swift; path = NewCardViewController.swift; sourceTree = "<group>"; };
/* End PBXFileReference section */

/* Begin PBXFrameworksBuildPhase section */
		784CC195250D5DED00A243DA /* Frameworks */ = {
			isa = PBXFrameworksBuildPhase;
			buildActionMask = 2147483647;
			files = (
			);
			runOnlyForDeploymentPostprocessing = 0;
		};
		784CC1AE250D5DF000A243DA /* Frameworks */ = {
			isa = PBXFrameworksBuildPhase;
			buildActionMask = 2147483647;
			files = (
			);
			runOnlyForDeploymentPostprocessing = 0;
		};
		784CC1B9250D5DF000A243DA /* Frameworks */ = {
			isa = PBXFrameworksBuildPhase;
			buildActionMask = 2147483647;
			files = (
			);
			runOnlyForDeploymentPostprocessing = 0;
		};
/* End PBXFrameworksBuildPhase section */

/* Begin PBXGroup section */
		7849A04F250D618200025EFD /* Model */ = {
			isa = PBXGroup;
			children = (
				7849A052250D636000025EFD /* CardModel.swift */,
				78D82D3F2512B964004DE501 /* SubscriptionModel.swift */,
			);
			path = Model;
			sourceTree = "<group>";
		};
		7849A050250D618D00025EFD /* View */ = {
			isa = PBXGroup;
			children = (
				78D82D3925113BBC004DE501 /* CardTableViewCell.swift */,
				78D82D2A250FCDC4004DE501 /* CardView.swift */,
				78D82D412512C28E004DE501 /* SubscriptionTableViewCell.swift */,
			);
			path = View;
			sourceTree = "<group>";
		};
		7849A051250D619900025EFD /* Controller */ = {
			isa = PBXGroup;
			children = (
				78D82D3525113A0D004DE501 /* CardViewController.swift */,
				78D82D3B2512ABE9004DE501 /* SubscriptionsViewController.swift */,
				78D82D3D2512AD6C004DE501 /* AddSubscriptionViewController.swift */,
				78D82D452513EDB4004DE501 /* TranscribeViewController.swift */,
				78D82D472513FA72004DE501 /* NewCardViewController.swift */,
			);
			path = Controller;
			sourceTree = "<group>";
		};
		784CC18F250D5DED00A243DA = {
			isa = PBXGroup;
			children = (
				784CC19A250D5DED00A243DA /* Subscribe */,
				784CC1B4250D5DF000A243DA /* SubscribeTests */,
				784CC1BF250D5DF000A243DA /* SubscribeUITests */,
				784CC199250D5DED00A243DA /* Products */,
			);
			sourceTree = "<group>";
		};
		784CC199250D5DED00A243DA /* Products */ = {
			isa = PBXGroup;
			children = (
				784CC198250D5DED00A243DA /* Subscribe.app */,
				784CC1B1250D5DF000A243DA /* SubscribeTests.xctest */,
				784CC1BC250D5DF000A243DA /* SubscribeUITests.xctest */,
			);
			name = Products;
			sourceTree = "<group>";
		};
		784CC19A250D5DED00A243DA /* Subscribe */ = {
			isa = PBXGroup;
			children = (
				78D82D2C251126DE004DE501 /* Fonts */,
				7849A051250D619900025EFD /* Controller */,
				7849A050250D618D00025EFD /* View */,
				7849A04F250D618200025EFD /* Model */,
				784CC19B250D5DED00A243DA /* AppDelegate.swift */,
				784CC19D250D5DED00A243DA /* SceneDelegate.swift */,
				784CC1A1250D5DED00A243DA /* Main.storyboard */,
				784CC1A7250D5DF000A243DA /* Assets.xcassets */,
				784CC1A9250D5DF000A243DA /* LaunchScreen.storyboard */,
				784CC1AC250D5DF000A243DA /* Info.plist */,
				784CC1A4250D5DED00A243DA /* Subscribe.xcdatamodeld */,
			);
			path = Subscribe;
			sourceTree = "<group>";
		};
		784CC1B4250D5DF000A243DA /* SubscribeTests */ = {
			isa = PBXGroup;
			children = (
				784CC1B5250D5DF000A243DA /* SubscribeTests.swift */,
				784CC1B7250D5DF000A243DA /* Info.plist */,
			);
			path = SubscribeTests;
			sourceTree = "<group>";
		};
		784CC1BF250D5DF000A243DA /* SubscribeUITests */ = {
			isa = PBXGroup;
			children = (
				784CC1C0250D5DF000A243DA /* SubscribeUITests.swift */,
				784CC1C2250D5DF000A243DA /* Info.plist */,
			);
			path = SubscribeUITests;
			sourceTree = "<group>";
		};
		78D82D2C251126DE004DE501 /* Fonts */ = {
			isa = PBXGroup;
			children = (
				78D82D2D251127FD004DE501 /* Raleway-Regular.ttf */,
				78D82D2F2511280A004DE501 /* andale-mono.ttf */,
				78D82D43251374BC004DE501 /* Raleway-SemiBold.ttf */,
				78B2E729251BDFA2009CC564 /* Proxima Nova Alt Light.otf */,
				78B2E72C251BDFA3009CC564 /* Proxima Nova Alt Thin.otf */,
				78B2E72A251BDFA2009CC564 /* Proxima Nova Thin.otf */,
				78B2E72B251BDFA3009CC564 /* ProximaNova-Regular.otf */,
			);
			path = Fonts;
			sourceTree = "<group>";
		};
/* End PBXGroup section */

/* Begin PBXNativeTarget section */
		784CC197250D5DED00A243DA /* Subscribe */ = {
			isa = PBXNativeTarget;
			buildConfigurationList = 784CC1C5250D5DF000A243DA /* Build configuration list for PBXNativeTarget "Subscribe" */;
			buildPhases = (
				784CC194250D5DED00A243DA /* Sources */,
				784CC195250D5DED00A243DA /* Frameworks */,
				784CC196250D5DED00A243DA /* Resources */,
			);
			buildRules = (
			);
			dependencies = (
			);
			name = Subscribe;
			productName = Subscribe;
			productReference = 784CC198250D5DED00A243DA /* Subscribe.app */;
			productType = "com.apple.product-type.application";
		};
		784CC1B0250D5DF000A243DA /* SubscribeTests */ = {
			isa = PBXNativeTarget;
			buildConfigurationList = 784CC1C8250D5DF000A243DA /* Build configuration list for PBXNativeTarget "SubscribeTests" */;
			buildPhases = (
				784CC1AD250D5DF000A243DA /* Sources */,
				784CC1AE250D5DF000A243DA /* Frameworks */,
				784CC1AF250D5DF000A243DA /* Resources */,
			);
			buildRules = (
			);
			dependencies = (
				784CC1B3250D5DF000A243DA /* PBXTargetDependency */,
			);
			name = SubscribeTests;
			productName = SubscribeTests;
			productReference = 784CC1B1250D5DF000A243DA /* SubscribeTests.xctest */;
			productType = "com.apple.product-type.bundle.unit-test";
		};
		784CC1BB250D5DF000A243DA /* SubscribeUITests */ = {
			isa = PBXNativeTarget;
			buildConfigurationList = 784CC1CB250D5DF000A243DA /* Build configuration list for PBXNativeTarget "SubscribeUITests" */;
			buildPhases = (
				784CC1B8250D5DF000A243DA /* Sources */,
				784CC1B9250D5DF000A243DA /* Frameworks */,
				784CC1BA250D5DF000A243DA /* Resources */,
			);
			buildRules = (
			);
			dependencies = (
				784CC1BE250D5DF000A243DA /* PBXTargetDependency */,
			);
			name = SubscribeUITests;
			productName = SubscribeUITests;
			productReference = 784CC1BC250D5DF000A243DA /* SubscribeUITests.xctest */;
			productType = "com.apple.product-type.bundle.ui-testing";
		};
/* End PBXNativeTarget section */

/* Begin PBXProject section */
		784CC190250D5DED00A243DA /* Project object */ = {
			isa = PBXProject;
			attributes = {
				LastSwiftUpdateCheck = 1170;
				LastUpgradeCheck = 1170;
				ORGANIZATIONNAME = "Tushar Singh";
				TargetAttributes = {
					784CC197250D5DED00A243DA = {
						CreatedOnToolsVersion = 11.7;
					};
					784CC1B0250D5DF000A243DA = {
						CreatedOnToolsVersion = 11.7;
						TestTargetID = 784CC197250D5DED00A243DA;
					};
					784CC1BB250D5DF000A243DA = {
						CreatedOnToolsVersion = 11.7;
						TestTargetID = 784CC197250D5DED00A243DA;
					};
				};
			};
			buildConfigurationList = 784CC193250D5DED00A243DA /* Build configuration list for PBXProject "Subscribe" */;
			compatibilityVersion = "Xcode 9.3";
			developmentRegion = en;
			hasScannedForEncodings = 0;
			knownRegions = (
				en,
				Base,
			);
			mainGroup = 784CC18F250D5DED00A243DA;
			productRefGroup = 784CC199250D5DED00A243DA /* Products */;
			projectDirPath = "";
			projectRoot = "";
			targets = (
				784CC197250D5DED00A243DA /* Subscribe */,
				784CC1B0250D5DF000A243DA /* SubscribeTests */,
				784CC1BB250D5DF000A243DA /* SubscribeUITests */,
			);
		};
/* End PBXProject section */

/* Begin PBXResourcesBuildPhase section */
		784CC196250D5DED00A243DA /* Resources */ = {
			isa = PBXResourcesBuildPhase;
			buildActionMask = 2147483647;
			files = (
				784CC1AB250D5DF000A243DA /* LaunchScreen.storyboard in Resources */,
				78D82D302511280A004DE501 /* andale-mono.ttf in Resources */,
				78B2E72F251BDFA3009CC564 /* ProximaNova-Regular.otf in Resources */,
				78B2E72D251BDFA3009CC564 /* Proxima Nova Alt Light.otf in Resources */,
				78B2E730251BDFA3009CC564 /* Proxima Nova Alt Thin.otf in Resources */,
				78B2E72E251BDFA3009CC564 /* Proxima Nova Thin.otf in Resources */,
				784CC1A8250D5DF000A243DA /* Assets.xcassets in Resources */,
				78D82D44251374BC004DE501 /* Raleway-SemiBold.ttf in Resources */,
				784CC1A3250D5DED00A243DA /* Main.storyboard in Resources */,
				78D82D2E251127FD004DE501 /* Raleway-Regular.ttf in Resources */,
			);
			runOnlyForDeploymentPostprocessing = 0;
		};
		784CC1AF250D5DF000A243DA /* Resources */ = {
			isa = PBXResourcesBuildPhase;
			buildActionMask = 2147483647;
			files = (
			);
			runOnlyForDeploymentPostprocessing = 0;
		};
		784CC1BA250D5DF000A243DA /* Resources */ = {
			isa = PBXResourcesBuildPhase;
			buildActionMask = 2147483647;
			files = (
			);
			runOnlyForDeploymentPostprocessing = 0;
		};
/* End PBXResourcesBuildPhase section */

/* Begin PBXSourcesBuildPhase section */
		784CC194250D5DED00A243DA /* Sources */ = {
			isa = PBXSourcesBuildPhase;
			buildActionMask = 2147483647;
			files = (
				78D82D482513FA72004DE501 /* NewCardViewController.swift in Sources */,
				784CC1A6250D5DED00A243DA /* Subscribe.xcdatamodeld in Sources */,
				78D82D462513EDB4004DE501 /* TranscribeViewController.swift in Sources */,
				78D82D3625113A0D004DE501 /* CardViewController.swift in Sources */,
				7849A053250D636000025EFD /* CardModel.swift in Sources */,
				784CC19C250D5DED00A243DA /* AppDelegate.swift in Sources */,
				78D82D3E2512AD6C004DE501 /* AddSubscriptionViewController.swift in Sources */,
				78D82D422512C28E004DE501 /* SubscriptionTableViewCell.swift in Sources */,
				78D82D2B250FCDC4004DE501 /* CardView.swift in Sources */,
				78D82D402512B964004DE501 /* SubscriptionModel.swift in Sources */,
				784CC19E250D5DED00A243DA /* SceneDelegate.swift in Sources */,
				78D82D3A25113BBC004DE501 /* CardTableViewCell.swift in Sources */,
				78D82D3C2512ABE9004DE501 /* SubscriptionsViewController.swift in Sources */,
			);
			runOnlyForDeploymentPostprocessing = 0;
		};
		784CC1AD250D5DF000A243DA /* Sources */ = {
			isa = PBXSourcesBuildPhase;
			buildActionMask = 2147483647;
			files = (
				784CC1B6250D5DF000A243DA /* SubscribeTests.swift in Sources */,
			);
			runOnlyForDeploymentPostprocessing = 0;
		};
		784CC1B8250D5DF000A243DA /* Sources */ = {
			isa = PBXSourcesBuildPhase;
			buildActionMask = 2147483647;
			files = (
				784CC1C1250D5DF000A243DA /* SubscribeUITests.swift in Sources */,
			);
			runOnlyForDeploymentPostprocessing = 0;
		};
/* End PBXSourcesBuildPhase section */

/* Begin PBXTargetDependency section */
		784CC1B3250D5DF000A243DA /* PBXTargetDependency */ = {
			isa = PBXTargetDependency;
			target = 784CC197250D5DED00A243DA /* Subscribe */;
			targetProxy = 784CC1B2250D5DF000A243DA /* PBXContainerItemProxy */;
		};
		784CC1BE250D5DF000A243DA /* PBXTargetDependency */ = {
			isa = PBXTargetDependency;
			target = 784CC197250D5DED00A243DA /* Subscribe */;
			targetProxy = 784CC1BD250D5DF000A243DA /* PBXContainerItemProxy */;
		};
/* End PBXTargetDependency section */

/* Begin PBXVariantGroup section */
		784CC1A1250D5DED00A243DA /* Main.storyboard */ = {
			isa = PBXVariantGroup;
			children = (
				784CC1A2250D5DED00A243DA /* Base */,
			);
			name = Main.storyboard;
			sourceTree = "<group>";
		};
		784CC1A9250D5DF000A243DA /* LaunchScreen.storyboard */ = {
			isa = PBXVariantGroup;
			children = (
				784CC1AA250D5DF000A243DA /* Base */,
			);
			name = LaunchScreen.storyboard;
			sourceTree = "<group>";
		};
/* End PBXVariantGroup section */

/* Begin XCBuildConfiguration section */
		784CC1C3250D5DF000A243DA /* Debug */ = {
			isa = XCBuildConfiguration;
			buildSettings = {
				ALWAYS_SEARCH_USER_PATHS = NO;
				CLANG_ANALYZER_NONNULL = YES;
				CLANG_ANALYZER_NUMBER_OBJECT_CONVERSION = YES_AGGRESSIVE;
				CLANG_CXX_LANGUAGE_STANDARD = "gnu++14";
				CLANG_CXX_LIBRARY = "libc++";
				CLANG_ENABLE_MODULES = YES;
				CLANG_ENABLE_OBJC_ARC = YES;
				CLANG_ENABLE_OBJC_WEAK = YES;
				CLANG_WARN_BLOCK_CAPTURE_AUTORELEASING = YES;
				CLANG_WARN_BOOL_CONVERSION = YES;
				CLANG_WARN_COMMA = YES;
				CLANG_WARN_CONSTANT_CONVERSION = YES;
				CLANG_WARN_DEPRECATED_OBJC_IMPLEMENTATIONS = YES;
				CLANG_WARN_DIRECT_OBJC_ISA_USAGE = YES_ERROR;
				CLANG_WARN_DOCUMENTATION_COMMENTS = YES;
				CLANG_WARN_EMPTY_BODY = YES;
				CLANG_WARN_ENUM_CONVERSION = YES;
				CLANG_WARN_INFINITE_RECURSION = YES;
				CLANG_WARN_INT_CONVERSION = YES;
				CLANG_WARN_NON_LITERAL_NULL_CONVERSION = YES;
				CLANG_WARN_OBJC_IMPLICIT_RETAIN_SELF = YES;
				CLANG_WARN_OBJC_LITERAL_CONVERSION = YES;
				CLANG_WARN_OBJC_ROOT_CLASS = YES_ERROR;
				CLANG_WARN_RANGE_LOOP_ANALYSIS = YES;
				CLANG_WARN_STRICT_PROTOTYPES = YES;
				CLANG_WARN_SUSPICIOUS_MOVE = YES;
				CLANG_WARN_UNGUARDED_AVAILABILITY = YES_AGGRESSIVE;
				CLANG_WARN_UNREACHABLE_CODE = YES;
				CLANG_WARN__DUPLICATE_METHOD_MATCH = YES;
				COPY_PHASE_STRIP = NO;
				DEBUG_INFORMATION_FORMAT = dwarf;
				ENABLE_STRICT_OBJC_MSGSEND = YES;
				ENABLE_TESTABILITY = YES;
				GCC_C_LANGUAGE_STANDARD = gnu11;
				GCC_DYNAMIC_NO_PIC = NO;
				GCC_NO_COMMON_BLOCKS = YES;
				GCC_OPTIMIZATION_LEVEL = 0;
				GCC_PREPROCESSOR_DEFINITIONS = (
					"DEBUG=1",
					"$(inherited)",
				);
				GCC_WARN_64_TO_32_BIT_CONVERSION = YES;
				GCC_WARN_ABOUT_RETURN_TYPE = YES_ERROR;
				GCC_WARN_UNDECLARED_SELECTOR = YES;
				GCC_WARN_UNINITIALIZED_AUTOS = YES_AGGRESSIVE;
				GCC_WARN_UNUSED_FUNCTION = YES;
				GCC_WARN_UNUSED_VARIABLE = YES;
				IPHONEOS_DEPLOYMENT_TARGET = 13.7;
				MTL_ENABLE_DEBUG_INFO = INCLUDE_SOURCE;
				MTL_FAST_MATH = YES;
				ONLY_ACTIVE_ARCH = YES;
				SDKROOT = iphoneos;
				SWIFT_ACTIVE_COMPILATION_CONDITIONS = DEBUG;
				SWIFT_OPTIMIZATION_LEVEL = "-Onone";
			};
			name = Debug;
		};
		784CC1C4250D5DF000A243DA /* Release */ = {
			isa = XCBuildConfiguration;
			buildSettings = {
				ALWAYS_SEARCH_USER_PATHS = NO;
				CLANG_ANALYZER_NONNULL = YES;
				CLANG_ANALYZER_NUMBER_OBJECT_CONVERSION = YES_AGGRESSIVE;
				CLANG_CXX_LANGUAGE_STANDARD = "gnu++14";
				CLANG_CXX_LIBRARY = "libc++";
				CLANG_ENABLE_MODULES = YES;
				CLANG_ENABLE_OBJC_ARC = YES;
				CLANG_ENABLE_OBJC_WEAK = YES;
				CLANG_WARN_BLOCK_CAPTURE_AUTORELEASING = YES;
				CLANG_WARN_BOOL_CONVERSION = YES;
				CLANG_WARN_COMMA = YES;
				CLANG_WARN_CONSTANT_CONVERSION = YES;
				CLANG_WARN_DEPRECATED_OBJC_IMPLEMENTATIONS = YES;
				CLANG_WARN_DIRECT_OBJC_ISA_USAGE = YES_ERROR;
				CLANG_WARN_DOCUMENTATION_COMMENTS = YES;
				CLANG_WARN_EMPTY_BODY = YES;
				CLANG_WARN_ENUM_CONVERSION = YES;
				CLANG_WARN_INFINITE_RECURSION = YES;
				CLANG_WARN_INT_CONVERSION = YES;
				CLANG_WARN_NON_LITERAL_NULL_CONVERSION = YES;
				CLANG_WARN_OBJC_IMPLICIT_RETAIN_SELF = YES;
				CLANG_WARN_OBJC_LITERAL_CONVERSION = YES;
				CLANG_WARN_OBJC_ROOT_CLASS = YES_ERROR;
				CLANG_WARN_RANGE_LOOP_ANALYSIS = YES;
				CLANG_WARN_STRICT_PROTOTYPES = YES;
				CLANG_WARN_SUSPICIOUS_MOVE = YES;
				CLANG_WARN_UNGUARDED_AVAILABILITY = YES_AGGRESSIVE;
				CLANG_WARN_UNREACHABLE_CODE = YES;
				CLANG_WARN__DUPLICATE_METHOD_MATCH = YES;
				COPY_PHASE_STRIP = NO;
				DEBUG_INFORMATION_FORMAT = "dwarf-with-dsym";
				ENABLE_NS_ASSERTIONS = NO;
				ENABLE_STRICT_OBJC_MSGSEND = YES;
				GCC_C_LANGUAGE_STANDARD = gnu11;
				GCC_NO_COMMON_BLOCKS = YES;
				GCC_WARN_64_TO_32_BIT_CONVERSION = YES;
				GCC_WARN_ABOUT_RETURN_TYPE = YES_ERROR;
				GCC_WARN_UNDECLARED_SELECTOR = YES;
				GCC_WARN_UNINITIALIZED_AUTOS = YES_AGGRESSIVE;
				GCC_WARN_UNUSED_FUNCTION = YES;
				GCC_WARN_UNUSED_VARIABLE = YES;
				IPHONEOS_DEPLOYMENT_TARGET = 13.7;
				MTL_ENABLE_DEBUG_INFO = NO;
				MTL_FAST_MATH = YES;
				SDKROOT = iphoneos;
				SWIFT_COMPILATION_MODE = wholemodule;
				SWIFT_OPTIMIZATION_LEVEL = "-O";
				VALIDATE_PRODUCT = YES;
			};
			name = Release;
		};
		784CC1C6250D5DF000A243DA /* Debug */ = {
			isa = XCBuildConfiguration;
			buildSettings = {
				ASSETCATALOG_COMPILER_APPICON_NAME = AppIcon;
				CODE_SIGN_STYLE = Automatic;
				DEVELOPMENT_TEAM = SDDB7WX63J;
				INFOPLIST_FILE = Subscribe/Info.plist;
				IPHONEOS_DEPLOYMENT_TARGET = 13.0;
				LD_RUNPATH_SEARCH_PATHS = (
					"$(inherited)",
					"@executable_path/Frameworks",
				);
				PRODUCT_BUNDLE_IDENTIFIER = tushar.Subscribe;
				PRODUCT_NAME = "$(TARGET_NAME)";
				SWIFT_VERSION = 5.0;
				TARGETED_DEVICE_FAMILY = "1,2";
			};
			name = Debug;
		};
		784CC1C7250D5DF000A243DA /* Release */ = {
			isa = XCBuildConfiguration;
			buildSettings = {
				ASSETCATALOG_COMPILER_APPICON_NAME = AppIcon;
				CODE_SIGN_STYLE = Automatic;
				DEVELOPMENT_TEAM = SDDB7WX63J;
				INFOPLIST_FILE = Subscribe/Info.plist;
				IPHONEOS_DEPLOYMENT_TARGET = 13.0;
				LD_RUNPATH_SEARCH_PATHS = (
					"$(inherited)",
					"@executable_path/Frameworks",
				);
				PRODUCT_BUNDLE_IDENTIFIER = tushar.Subscribe;
				PRODUCT_NAME = "$(TARGET_NAME)";
				SWIFT_VERSION = 5.0;
				TARGETED_DEVICE_FAMILY = "1,2";
			};
			name = Release;
		};
		784CC1C9250D5DF000A243DA /* Debug */ = {
			isa = XCBuildConfiguration;
			buildSettings = {
				ALWAYS_EMBED_SWIFT_STANDARD_LIBRARIES = YES;
				BUNDLE_LOADER = "$(TEST_HOST)";
				CODE_SIGN_STYLE = Automatic;
				DEVELOPMENT_TEAM = SDDB7WX63J;
				INFOPLIST_FILE = SubscribeTests/Info.plist;
				IPHONEOS_DEPLOYMENT_TARGET = 13.7;
				LD_RUNPATH_SEARCH_PATHS = (
					"$(inherited)",
					"@executable_path/Frameworks",
					"@loader_path/Frameworks",
				);
				PRODUCT_BUNDLE_IDENTIFIER = tushar.SubscribeTests;
				PRODUCT_NAME = "$(TARGET_NAME)";
				SWIFT_VERSION = 5.0;
				TARGETED_DEVICE_FAMILY = "1,2";
				TEST_HOST = "$(BUILT_PRODUCTS_DIR)/Subscribe.app/Subscribe";
			};
			name = Debug;
		};
		784CC1CA250D5DF000A243DA /* Release */ = {
			isa = XCBuildConfiguration;
			buildSettings = {
				ALWAYS_EMBED_SWIFT_STANDARD_LIBRARIES = YES;
				BUNDLE_LOADER = "$(TEST_HOST)";
				CODE_SIGN_STYLE = Automatic;
				DEVELOPMENT_TEAM = SDDB7WX63J;
				INFOPLIST_FILE = SubscribeTests/Info.plist;
				IPHONEOS_DEPLOYMENT_TARGET = 13.7;
				LD_RUNPATH_SEARCH_PATHS = (
					"$(inherited)",
					"@executable_path/Frameworks",
					"@loader_path/Frameworks",
				);
				PRODUCT_BUNDLE_IDENTIFIER = tushar.SubscribeTests;
				PRODUCT_NAME = "$(TARGET_NAME)";
				SWIFT_VERSION = 5.0;
				TARGETED_DEVICE_FAMILY = "1,2";
				TEST_HOST = "$(BUILT_PRODUCTS_DIR)/Subscribe.app/Subscribe";
			};
			name = Release;
		};
		784CC1CC250D5DF000A243DA /* Debug */ = {
			isa = XCBuildConfiguration;
			buildSettings = {
				ALWAYS_EMBED_SWIFT_STANDARD_LIBRARIES = YES;
				CODE_SIGN_STYLE = Automatic;
				DEVELOPMENT_TEAM = SDDB7WX63J;
				INFOPLIST_FILE = SubscribeUITests/Info.plist;
				LD_RUNPATH_SEARCH_PATHS = (
					"$(inherited)",
					"@executable_path/Frameworks",
					"@loader_path/Frameworks",
				);
				PRODUCT_BUNDLE_IDENTIFIER = tushar.SubscribeUITests;
				PRODUCT_NAME = "$(TARGET_NAME)";
				SWIFT_VERSION = 5.0;
				TARGETED_DEVICE_FAMILY = "1,2";
				TEST_TARGET_NAME = Subscribe;
			};
			name = Debug;
		};
		784CC1CD250D5DF000A243DA /* Release */ = {
			isa = XCBuildConfiguration;
			buildSettings = {
				ALWAYS_EMBED_SWIFT_STANDARD_LIBRARIES = YES;
				CODE_SIGN_STYLE = Automatic;
				DEVELOPMENT_TEAM = SDDB7WX63J;
				INFOPLIST_FILE = SubscribeUITests/Info.plist;
				LD_RUNPATH_SEARCH_PATHS = (
					"$(inherited)",
					"@executable_path/Frameworks",
					"@loader_path/Frameworks",
				);
				PRODUCT_BUNDLE_IDENTIFIER = tushar.SubscribeUITests;
				PRODUCT_NAME = "$(TARGET_NAME)";
				SWIFT_VERSION = 5.0;
				TARGETED_DEVICE_FAMILY = "1,2";
				TEST_TARGET_NAME = Subscribe;
			};
			name = Release;
		};
/* End XCBuildConfiguration section */

/* Begin XCConfigurationList section */
		784CC193250D5DED00A243DA /* Build configuration list for PBXProject "Subscribe" */ = {
			isa = XCConfigurationList;
			buildConfigurations = (
				784CC1C3250D5DF000A243DA /* Debug */,
				784CC1C4250D5DF000A243DA /* Release */,
			);
			defaultConfigurationIsVisible = 0;
			defaultConfigurationName = Release;
		};
		784CC1C5250D5DF000A243DA /* Build configuration list for PBXNativeTarget "Subscribe" */ = {
			isa = XCConfigurationList;
			buildConfigurations = (
				784CC1C6250D5DF000A243DA /* Debug */,
				784CC1C7250D5DF000A243DA /* Release */,
			);
			defaultConfigurationIsVisible = 0;
			defaultConfigurationName = Release;
		};
		784CC1C8250D5DF000A243DA /* Build configuration list for PBXNativeTarget "SubscribeTests" */ = {
			isa = XCConfigurationList;
			buildConfigurations = (
				784CC1C9250D5DF000A243DA /* Debug */,
				784CC1CA250D5DF000A243DA /* Release */,
			);
			defaultConfigurationIsVisible = 0;
			defaultConfigurationName = Release;
		};
		784CC1CB250D5DF000A243DA /* Build configuration list for PBXNativeTarget "SubscribeUITests" */ = {
			isa = XCConfigurationList;
			buildConfigurations = (
				784CC1CC250D5DF000A243DA /* Debug */,
				784CC1CD250D5DF000A243DA /* Release */,
			);
			defaultConfigurationIsVisible = 0;
			defaultConfigurationName = Release;
		};
/* End XCConfigurationList section */

/* Begin XCVersionGroup section */
		784CC1A4250D5DED00A243DA /* Subscribe.xcdatamodeld */ = {
			isa = XCVersionGroup;
			children = (
				784CC1A5250D5DED00A243DA /* Subscribe.xcdatamodel */,
			);
			currentVersion = 784CC1A5250D5DED00A243DA /* Subscribe.xcdatamodel */;
			path = Subscribe.xcdatamodeld;
			sourceTree = "<group>";
			versionGroupType = wrapper.xcdatamodel;
		};
/* End XCVersionGroup section */
	};
	rootObject = 784CC190250D5DED00A243DA /* Project object */;
}
